
Microsoft Visual Studio Solution File, Format Version 12.00
# Visual Studio Version 17
VisualStudioVersion = 17.5.002.0
MinimumVisualStudioVersion = 10.0.40219.1
Project("{9A19103F-16F7-4668-BE54-9A1E7A4F7556}") = "Exerc-cio-AlcoolOuGasolina", "Exerc-cio-AlcoolOuGasolina.csproj", "{37B26D04-AFD4-4F42-9600-8F6B938BCBB5}"
EndProject
Global
	GlobalSection(SolutionConfigurationPlatforms) = preSolution
		Debug|Any CPU = Debug|Any CPU
		Release|Any CPU = Release|Any CPU
	EndGlobalSection
	GlobalSection(ProjectConfigurationPlatforms) = postSolution
		{37B26D04-AFD4-4F42-9600-8F6B938BCBB5}.Debug|Any CPU.ActiveCfg = Debug|Any CPU
		{37B26D04-AFD4-4F42-9600-8F6B938BCBB5}.Debug|Any CPU.Build.0 = Debug|Any CPU
		{37B26D04-AFD4-4F42-9600-8F6B938BCBB5}.Release|Any CPU.ActiveCfg = Release|Any CPU
		{37B26D04-AFD4-4F42-9600-8F6B938BCBB5}.Release|Any CPU.Build.0 = Release|Any CPU
	EndGlobalSection
	GlobalSection(SolutionProperties) = preSolution
		HideSolutionNode = FALSE
	EndGlobalSection
	GlobalSection(ExtensibilityGlobals) = postSolution
		SolutionGuid = {557980EA-AAFC-4419-8D08-0407679593D4}
	EndGlobalSection
EndGlobal
